<?xml version="1.0" encoding="UTF-8" standalone="yes" ?>
<CodeBlocks_project_file>
	<FileVersion major="1" minor="6" />
	<Project>
		<Option title="MIPS" />
		<Option pch_mode="2" />
		<Option compiler="mingw_64-bit_compiler" />
		<Build>
			<Target title="Debug">
				<Option output="bin/Debug/MIPS" prefix_auto="1" extension_auto="1" />
				<Option object_output="obj/Debug/" />
				<Option type="1" />
				<Option compiler="gcc" />
				<Option parameters='49000 100 10 100 &quot;C:\_Data\Dataset\_MIPS\Own\Cifar10\_X_SVD_10.txt&quot; &quot;C:\_Data\Dataset\_MIPS\Own\Cifar10\_Q_SVD_10.txt&quot; &quot;dWedge&quot; 1000 100' />
				<Compiler>
					<Add option="-Wall" />
					<Add option="-std=c++11" />
					<Add option="-m32" />
					<Add option="-g" />
					<Add option="-g -O0 -DSF_VISIBILITY -fvisibility=hidden -fno-strict-aliasing -Wall" />
				</Compiler>
				<Linker>
					<Add option="-m32" />
				</Linker>
			</Target>
			<Target title="Release">
				<Option output="bin/Release/MIPS" prefix_auto="1" extension_auto="1" />
				<Option object_output="obj/Release/" />
				<Option type="1" />
				<Option compiler="mingw_64-bit_compiler" />
				<Option parameters='1000 10 3072 10 &quot;C:\_Data\Dataset\_MIPS\Own\Cifar10\_X_49000_3072.txt&quot; &quot;C:\_Data\Dataset\_MIPS\Own\Cifar10\_Q_1000_3072.txt&quot; &quot;priority&quot; 1000 &quot;post&quot;' />
				<Compiler>
					<Add option="-O3" />
					<Add option="-std=c++14" />
					<Add option="-m64" />
					<Add option="-fopenmp" />
				</Compiler>
				<Linker>
					<Add option="-O3" />
					<Add option="-s" />
					<Add option="-m64" />
					<Add directory="../../../../../../Software/mingw64/lib/gcc/x86_64-w64-mingw32/8.1.0/libgomp.dll.a -fopenmp" />
				</Linker>
			</Target>
		</Build>
		<Compiler>
			<Add option="-Wall" />
			<Add option="-std=c++11" />
			<Add option="-m64" />
			<Add option="-ftemplate-backtrace-limit=0" />
			<Add directory="C:/_Data/Libraries/eigen-eigen-5a0156e40feb" />
			<Add directory="C:/_Data/Libraries/robin-map-master" />
			<Add directory="C:/_Data/Libraries/sparsehash-c11-master" />
			<Add directory="C:/_Data/Libraries/sparsepp-master" />
			<Add directory="C:/_Data/Libraries/flat-hash-table-master" />
		</Compiler>
		<ResourceCompiler>
			<Add directory="C:/_Data/Dropbox/Working/_Code/C++/MIPS/Lib/eigen-eigen-5a0156e40feb" />
			<Add directory="C:/_Data/Libraries/robin-map-master" />
			<Add directory="C:/_Data/Libraries/sparsehash-c11-master" />
			<Add directory="C:/_Data/Libraries/sparsepp-master" />
			<Add directory="C:/_Data/Libraries/flat-hash-table-master" />
		</ResourceCompiler>
		<Linker>
			<Add option="-O3" />
			<Add option="-m64" />
			<Add directory="C:/_Data/Dropbox/Working/_Code/C++/MIPS/Lib/eigen-eigen-5a0156e40feb" />
			<Add directory="C:/_Data/Libraries/robin-map-master" />
			<Add directory="C:/_Data/Libraries/sparsehash-c11-master" />
			<Add directory="C:/_Data/Libraries/sparsepp-master" />
			<Add directory="C:/_Data/Libraries/flat-hash-table-master" />
		</Linker>
		<Unit filename="BF.cpp" />
		<Unit filename="BF.h" />
		<Unit filename="DiamondSampling.cpp" />
		<Unit filename="DiamondSampling.h" />
		<Unit filename="Greedy.cpp" />
		<Unit filename="Greedy.h" />
		<Unit filename="Header.cpp" />
		<Unit filename="Header.h" />
		<Unit filename="InputParser.cpp" />
		<Unit filename="InputParser.h" />
		<Unit filename="NormRangeLSH.cpp" />
		<Unit filename="NormRangeLSH.h" />
		<Unit filename="SimpleLSH.cpp" />
		<Unit filename="SimpleLSH.h" />
		<Unit filename="Test.cpp" />
		<Unit filename="Test.h" />
		<Unit filename="Utilities.cpp" />
		<Unit filename="Utilities.h" />
		<Unit filename="WedgeSampling.cpp" />
		<Unit filename="WedgeSampling.h" />
		<Unit filename="main.cpp" />
		<Extensions>
			<code_completion />
			<envvars />
			<debugger />
		</Extensions>
	</Project>
</CodeBlocks_project_file>
